
Microsoft Visual Studio Solution File, Format Version 12.00
# Visual Studio Version 17
VisualStudioVersion = 17.4.33205.214
MinimumVisualStudioVersion = 10.0.40219.1
Project("{FAE04EC0-301F-11D3-BF4B-00C04F79EFBC}") = "CauTrucLenhCoBan", "CauTrucLenhCoBan\CauTrucLenhCoBan.csproj", "{A118BD74-D334-4EF6-B194-946464047D85}"
EndProject
Global
	GlobalSection(SolutionConfigurationPlatforms) = preSolution
		Debug|Any CPU = Debug|Any CPU
		Release|Any CPU = Release|Any CPU
	EndGlobalSection
	GlobalSection(ProjectConfigurationPlatforms) = postSolution
		{A118BD74-D334-4EF6-B194-946464047D85}.Debug|Any CPU.ActiveCfg = Debug|Any CPU
		{A118BD74-D334-4EF6-B194-946464047D85}.Debug|Any CPU.Build.0 = Debug|Any CPU
		{A118BD74-D334-4EF6-B194-946464047D85}.Release|Any CPU.ActiveCfg = Release|Any CPU
		{A118BD74-D334-4EF6-B194-946464047D85}.Release|Any CPU.Build.0 = Release|Any CPU
	EndGlobalSection
	GlobalSection(SolutionProperties) = preSolution
		HideSolutionNode = FALSE
	EndGlobalSection
	GlobalSection(ExtensibilityGlobals) = postSolution
		SolutionGuid = {AC464DEE-03CA-4B68-A589-3D6AFEF0AB86}
	EndGlobalSection
EndGlobal
